PODS:
  - EasyPeasy (1.4.2)
  - Kingfisher (3.11.0)

DEPENDENCIES:
  - EasyPeasy
  - Kingfisher

SPEC CHECKSUMS:
  EasyPeasy: 50e7130b61f495ce105796e438d4136e2c8d2cc0
  Kingfisher: c8911a7672c6217dec8c0520fb6e76ec4b7e0780

PODFILE CHECKSUM: feec7df2b24c87d290c67821f19f207c3a13d0c2

COCOAPODS: 1.1.0.rc.2
