// !$*UTF8*$!
{
	archiveVersion = 1;
	classes = {
	};
	objectVersion = 46;
	objects = {

/* Begin PBXBuildFile section */
		0727B3491DB3890C0099F072 /* Service.framework in Frameworks */ = {isa = PBXBuildFile; fileRef = 0727B3481DB3890C0099F072 /* Service.framework */; };
		0727B34A1DB3890C0099F072 /* Service.framework in Embed Frameworks */ = {isa = PBXBuildFile; fileRef = 0727B3481DB3890C0099F072 /* Service.framework */; settings = {ATTRIBUTES = (CodeSignOnCopy, RemoveHeadersOnCopy, ); }; };
		07A12D801DB2551C0041E744 /* AppDelegate.swift in Sources */ = {isa = PBXBuildFile; fileRef = 07A12D7F1DB2551C0041E744 /* AppDelegate.swift */; };
		07A12D821DB2551C0041E744 /* ViewController.swift in Sources */ = {isa = PBXBuildFile; fileRef = 07A12D811DB2551C0041E744 /* ViewController.swift */; };
		07A12D851DB2551C0041E744 /* Main.storyboard in Resources */ = {isa = PBXBuildFile; fileRef = 07A12D831DB2551C0041E744 /* Main.storyboard */; };
		07A12D8A1DB2551C0041E744 /* Assets.xcassets in Resources */ = {isa = PBXBuildFile; fileRef = 07A12D891DB2551C0041E744 /* Assets.xcassets */; };
		07A12D8D1DB2551C0041E744 /* LaunchScreen.storyboard in Resources */ = {isa = PBXBuildFile; fileRef = 07A12D8B1DB2551C0041E744 /* LaunchScreen.storyboard */; };
		07A12D981DB2551C0041E744 /* NewsTests.swift in Sources */ = {isa = PBXBuildFile; fileRef = 07A12D971DB2551C0041E744 /* NewsTests.swift */; };
/* End PBXBuildFile section */

/* Begin PBXContainerItemProxy section */
		07A12D941DB2551C0041E744 /* PBXContainerItemProxy */ = {
			isa = PBXContainerItemProxy;
			containerPortal = 07A12D741DB2551C0041E744 /* Project object */;
			proxyType = 1;
			remoteGlobalIDString = 07A12D7B1DB2551C0041E744;
			remoteInfo = News;
		};
/* End PBXContainerItemProxy section */

/* Begin PBXCopyFilesBuildPhase section */
		0727B34B1DB3890C0099F072 /* Embed Frameworks */ = {
			isa = PBXCopyFilesBuildPhase;
			buildActionMask = 2147483647;
			dstPath = "";
			dstSubfolderSpec = 10;
			files = (
				0727B34A1DB3890C0099F072 /* Service.framework in Embed Frameworks */,
			);
			name = "Embed Frameworks";
			runOnlyForDeploymentPostprocessing = 0;
		};
/* End PBXCopyFilesBuildPhase section */

/* Begin PBXFileReference section */
		0727B3481DB3890C0099F072 /* Service.framework */ = {isa = PBXFileReference; explicitFileType = wrapper.framework; path = Service.framework; sourceTree = BUILT_PRODUCTS_DIR; };
		07A12D7C1DB2551C0041E744 /* News.app */ = {isa = PBXFileReference; explicitFileType = wrapper.application; includeInIndex = 0; path = News.app; sourceTree = BUILT_PRODUCTS_DIR; };
		07A12D7F1DB2551C0041E744 /* AppDelegate.swift */ = {isa = PBXFileReference; lastKnownFileType = sourcecode.swift; path = AppDelegate.swift; sourceTree = "<group>"; };
		07A12D811DB2551C0041E744 /* ViewController.swift */ = {isa = PBXFileReference; lastKnownFileType = sourcecode.swift; path = ViewController.swift; sourceTree = "<group>"; };
		07A12D841DB2551C0041E744 /* Base */ = {isa = PBXFileReference; lastKnownFileType = file.storyboard; name = Base; path = Base.lproj/Main.storyboard; sourceTree = "<group>"; };
		07A12D891DB2551C0041E744 /* Assets.xcassets */ = {isa = PBXFileReference; lastKnownFileType = folder.assetcatalog; path = Assets.xcassets; sourceTree = "<group>"; };
		07A12D8C1DB2551C0041E744 /* Base */ = {isa = PBXFileReference; lastKnownFileType = file.storyboard; name = Base; path = Base.lproj/LaunchScreen.storyboard; sourceTree = "<group>"; };
		07A12D8E1DB2551C0041E744 /* Info.plist */ = {isa = PBXFileReference; lastKnownFileType = text.plist.xml; path = Info.plist; sourceTree = "<group>"; };
		07A12D931DB2551C0041E744 /* NewsTests.xctest */ = {isa = PBXFileReference; explicitFileType = wrapper.cfbundle; includeInIndex = 0; path = NewsTests.xctest; sourceTree = BUILT_PRODUCTS_DIR; };
		07A12D971DB2551C0041E744 /* NewsTests.swift */ = {isa = PBXFileReference; lastKnownFileType = sourcecode.swift; path = NewsTests.swift; sourceTree = "<group>"; };
		07A12D991DB2551C0041E744 /* Info.plist */ = {isa = PBXFileReference; lastKnownFileType = text.plist.xml; path = Info.plist; sourceTree = "<group>"; };
/* End PBXFileReference section */

/* Begin PBXFrameworksBuildPhase section */
		07A12D791DB2551C0041E744 /* Frameworks */ = {
			isa = PBXFrameworksBuildPhase;
			buildActionMask = 2147483647;
			files = (
				0727B3491DB3890C0099F072 /* Service.framework in Frameworks */,
			);
			runOnlyForDeploymentPostprocessing = 0;
		};
		07A12D901DB2551C0041E744 /* Frameworks */ = {
			isa = PBXFrameworksBuildPhase;
			buildActionMask = 2147483647;
			files = (
			);
			runOnlyForDeploymentPostprocessing = 0;
		};
/* End PBXFrameworksBuildPhase section */

/* Begin PBXGroup section */
		07A12D731DB2551C0041E744 = {
			isa = PBXGroup;
			children = (
				07A12D7E1DB2551C0041E744 /* News */,
				07A12D961DB2551C0041E744 /* NewsTests */,
				07A12D7D1DB2551C0041E744 /* Products */,
				0727B3481DB3890C0099F072 /* Service.framework */,
			);
			sourceTree = "<group>";
		};
		07A12D7D1DB2551C0041E744 /* Products */ = {
			isa = PBXGroup;
			children = (
				07A12D7C1DB2551C0041E744 /* News.app */,
				07A12D931DB2551C0041E744 /* NewsTests.xctest */,
			);
			name = Products;
			sourceTree = "<group>";
		};
		07A12D7E1DB2551C0041E744 /* News */ = {
			isa = PBXGroup;
			children = (
				07A12D7F1DB2551C0041E744 /* AppDelegate.swift */,
				07A12D811DB2551C0041E744 /* ViewController.swift */,
				07A12D831DB2551C0041E744 /* Main.storyboard */,
				07A12D8B1DB2551C0041E744 /* LaunchScreen.storyboard */,
				07A12DD41DB259740041E744 /* Resources */,
			);
			path = News;
			sourceTree = "<group>";
		};
		07A12D961DB2551C0041E744 /* NewsTests */ = {
			isa = PBXGroup;
			children = (
				07A12D971DB2551C0041E744 /* NewsTests.swift */,
				07A12D991DB2551C0041E744 /* Info.plist */,
			);
			path = NewsTests;
			sourceTree = "<group>";
		};
		07A12DD41DB259740041E744 /* Resources */ = {
			isa = PBXGroup;
			children = (
				07A12D891DB2551C0041E744 /* Assets.xcassets */,
				07A12D8E1DB2551C0041E744 /* Info.plist */,
			);
			name = Resources;
			sourceTree = "<group>";
		};
/* End PBXGroup section */

/* Begin PBXNativeTarget section */
		07A12D7B1DB2551C0041E744 /* News */ = {
			isa = PBXNativeTarget;
			buildConfigurationList = 07A12D9C1DB2551C0041E744 /* Build configuration list for PBXNativeTarget "News" */;
			buildPhases = (
				07A12D781DB2551C0041E744 /* Sources */,
				07A12D791DB2551C0041E744 /* Frameworks */,
				07A12D7A1DB2551C0041E744 /* Resources */,
				0727B34B1DB3890C0099F072 /* Embed Frameworks */,
			);
			buildRules = (
			);
			dependencies = (
			);
			name = News;
			productName = News;
			productReference = 07A12D7C1DB2551C0041E744 /* News.app */;
			productType = "com.apple.product-type.application";
		};
		07A12D921DB2551C0041E744 /* NewsTests */ = {
			isa = PBXNativeTarget;
			buildConfigurationList = 07A12D9F1DB2551C0041E744 /* Build configuration list for PBXNativeTarget "NewsTests" */;
			buildPhases = (
				07A12D8F1DB2551C0041E744 /* Sources */,
				07A12D901DB2551C0041E744 /* Frameworks */,
				07A12D911DB2551C0041E744 /* Resources */,
			);
			buildRules = (
			);
			dependencies = (
				07A12D951DB2551C0041E744 /* PBXTargetDependency */,
			);
			name = NewsTests;
			productName = NewsTests;
			productReference = 07A12D931DB2551C0041E744 /* NewsTests.xctest */;
			productType = "com.apple.product-type.bundle.unit-test";
		};
/* End PBXNativeTarget section */

/* Begin PBXProject section */
		07A12D741DB2551C0041E744 /* Project object */ = {
			isa = PBXProject;
			attributes = {
				LastSwiftUpdateCheck = 0730;
				LastUpgradeCheck = 0730;
				ORGANIZATIONNAME = nakioStudio;
				TargetAttributes = {
					07A12D7B1DB2551C0041E744 = {
						CreatedOnToolsVersion = 7.3.1;
					};
					07A12D921DB2551C0041E744 = {
						CreatedOnToolsVersion = 7.3.1;
						TestTargetID = 07A12D7B1DB2551C0041E744;
					};
				};
			};
			buildConfigurationList = 07A12D771DB2551C0041E744 /* Build configuration list for PBXProject "News" */;
			compatibilityVersion = "Xcode 3.2";
			developmentRegion = English;
			hasScannedForEncodings = 0;
			knownRegions = (
				en,
				Base,
			);
			mainGroup = 07A12D731DB2551C0041E744;
			productRefGroup = 07A12D7D1DB2551C0041E744 /* Products */;
			projectDirPath = "";
			projectRoot = "";
			targets = (
				07A12D7B1DB2551C0041E744 /* News */,
				07A12D921DB2551C0041E744 /* NewsTests */,
			);
		};
/* End PBXProject section */

/* Begin PBXResourcesBuildPhase section */
		07A12D7A1DB2551C0041E744 /* Resources */ = {
			isa = PBXResourcesBuildPhase;
			buildActionMask = 2147483647;
			files = (
				07A12D8D1DB2551C0041E744 /* LaunchScreen.storyboard in Resources */,
				07A12D8A1DB2551C0041E744 /* Assets.xcassets in Resources */,
				07A12D851DB2551C0041E744 /* Main.storyboard in Resources */,
			);
			runOnlyForDeploymentPostprocessing = 0;
		};
		07A12D911DB2551C0041E744 /* Resources */ = {
			isa = PBXResourcesBuildPhase;
			buildActionMask = 2147483647;
			files = (
			);
			runOnlyForDeploymentPostprocessing = 0;
		};
/* End PBXResourcesBuildPhase section */

/* Begin PBXSourcesBuildPhase section */
		07A12D781DB2551C0041E744 /* Sources */ = {
			isa = PBXSourcesBuildPhase;
			buildActionMask = 2147483647;
			files = (
				07A12D821DB2551C0041E744 /* ViewController.swift in Sources */,
				07A12D801DB2551C0041E744 /* AppDelegate.swift in Sources */,
			);
			runOnlyForDeploymentPostprocessing = 0;
		};
		07A12D8F1DB2551C0041E744 /* Sources */ = {
			isa = PBXSourcesBuildPhase;
			buildActionMask = 2147483647;
			files = (
				07A12D981DB2551C0041E744 /* NewsTests.swift in Sources */,
			);
			runOnlyForDeploymentPostprocessing = 0;
		};
/* End PBXSourcesBuildPhase section */

/* Begin PBXTargetDependency section */
		07A12D951DB2551C0041E744 /* PBXTargetDependency */ = {
			isa = PBXTargetDependency;
			target = 07A12D7B1DB2551C0041E744 /* News */;
			targetProxy = 07A12D941DB2551C0041E744 /* PBXContainerItemProxy */;
		};
/* End PBXTargetDependency section */

/* Begin PBXVariantGroup section */
		07A12D831DB2551C0041E744 /* Main.storyboard */ = {
			isa = PBXVariantGroup;
			children = (
				07A12D841DB2551C0041E744 /* Base */,
			);
			name = Main.storyboard;
			sourceTree = "<group>";
		};
		07A12D8B1DB2551C0041E744 /* LaunchScreen.storyboard */ = {
			isa = PBXVariantGroup;
			children = (
				07A12D8C1DB2551C0041E744 /* Base */,
			);
			name = LaunchScreen.storyboard;
			sourceTree = "<group>";
		};
/* End PBXVariantGroup section */

/* Begin XCBuildConfiguration section */
		07A12D9A1DB2551C0041E744 /* Debug */ = {
			isa = XCBuildConfiguration;
			buildSettings = {
				ALWAYS_SEARCH_USER_PATHS = NO;
				CLANG_ANALYZER_NONNULL = YES;
				CLANG_CXX_LANGUAGE_STANDARD = "gnu++0x";
				CLANG_CXX_LIBRARY = "libc++";
				CLANG_ENABLE_MODULES = YES;
				CLANG_ENABLE_OBJC_ARC = YES;
				CLANG_WARN_BOOL_CONVERSION = YES;
				CLANG_WARN_CONSTANT_CONVERSION = YES;
				CLANG_WARN_DIRECT_OBJC_ISA_USAGE = YES_ERROR;
				CLANG_WARN_EMPTY_BODY = YES;
				CLANG_WARN_ENUM_CONVERSION = YES;
				CLANG_WARN_INT_CONVERSION = YES;
				CLANG_WARN_OBJC_ROOT_CLASS = YES_ERROR;
				CLANG_WARN_UNREACHABLE_CODE = YES;
				CLANG_WARN__DUPLICATE_METHOD_MATCH = YES;
				"CODE_SIGN_IDENTITY[sdk=iphoneos*]" = "iPhone Developer";
				COPY_PHASE_STRIP = NO;
				DEBUG_INFORMATION_FORMAT = dwarf;
				ENABLE_STRICT_OBJC_MSGSEND = YES;
				ENABLE_TESTABILITY = YES;
				GCC_C_LANGUAGE_STANDARD = gnu99;
				GCC_DYNAMIC_NO_PIC = NO;
				GCC_NO_COMMON_BLOCKS = YES;
				GCC_OPTIMIZATION_LEVEL = 0;
				GCC_PREPROCESSOR_DEFINITIONS = (
					"DEBUG=1",
					"$(inherited)",
				);
				GCC_WARN_64_TO_32_BIT_CONVERSION = YES;
				GCC_WARN_ABOUT_RETURN_TYPE = YES_ERROR;
				GCC_WARN_UNDECLARED_SELECTOR = YES;
				GCC_WARN_UNINITIALIZED_AUTOS = YES_AGGRESSIVE;
				GCC_WARN_UNUSED_FUNCTION = YES;
				GCC_WARN_UNUSED_VARIABLE = YES;
				IPHONEOS_DEPLOYMENT_TARGET = 9.3;
				MTL_ENABLE_DEBUG_INFO = YES;
				ONLY_ACTIVE_ARCH = YES;
				SDKROOT = iphoneos;
				SWIFT_OPTIMIZATION_LEVEL = "-Onone";
			};
			name = Debug;
		};
		07A12D9B1DB2551C0041E744 /* Release */ = {
			isa = XCBuildConfiguration;
			buildSettings = {
				ALWAYS_SEARCH_USER_PATHS = NO;
				CLANG_ANALYZER_NONNULL = YES;
				CLANG_CXX_LANGUAGE_STANDARD = "gnu++0x";
				CLANG_CXX_LIBRARY = "libc++";
				CLANG_ENABLE_MODULES = YES;
				CLANG_ENABLE_OBJC_ARC = YES;
				CLANG_WARN_BOOL_CONVERSION = YES;
				CLANG_WARN_CONSTANT_CONVERSION = YES;
				CLANG_WARN_DIRECT_OBJC_ISA_USAGE = YES_ERROR;
				CLANG_WARN_EMPTY_BODY = YES;
				CLANG_WARN_ENUM_CONVERSION = YES;
				CLANG_WARN_INT_CONVERSION = YES;
				CLANG_WARN_OBJC_ROOT_CLASS = YES_ERROR;
				CLANG_WARN_UNREACHABLE_CODE = YES;
				CLANG_WARN__DUPLICATE_METHOD_MATCH = YES;
				"CODE_SIGN_IDENTITY[sdk=iphoneos*]" = "iPhone Developer";
				COPY_PHASE_STRIP = NO;
				DEBUG_INFORMATION_FORMAT = "dwarf-with-dsym";
				ENABLE_NS_ASSERTIONS = NO;
				ENABLE_STRICT_OBJC_MSGSEND = YES;
				GCC_C_LANGUAGE_STANDARD = gnu99;
				GCC_NO_COMMON_BLOCKS = YES;
				GCC_WARN_64_TO_32_BIT_CONVERSION = YES;
				GCC_WARN_ABOUT_RETURN_TYPE = YES_ERROR;
				GCC_WARN_UNDECLARED_SELECTOR = YES;
				GCC_WARN_UNINITIALIZED_AUTOS = YES_AGGRESSIVE;
				GCC_WARN_UNUSED_FUNCTION = YES;
				GCC_WARN_UNUSED_VARIABLE = YES;
				IPHONEOS_DEPLOYMENT_TARGET = 9.3;
				MTL_ENABLE_DEBUG_INFO = NO;
				SDKROOT = iphoneos;
				VALIDATE_PRODUCT = YES;
			};
			name = Release;
		};
		07A12D9D1DB2551C0041E744 /* Debug */ = {
			isa = XCBuildConfiguration;
			buildSettings = {
				ASSETCATALOG_COMPILER_APPICON_NAME = AppIcon;
				INFOPLIST_FILE = News/Info.plist;
				IPHONEOS_DEPLOYMENT_TARGET = 9.0;
				LD_RUNPATH_SEARCH_PATHS = "$(inherited) @executable_path/Frameworks";
				PRODUCT_BUNDLE_IDENTIFIER = com.nakiostudio.News;
				PRODUCT_NAME = "$(TARGET_NAME)";
			};
			name = Debug;
		};
		07A12D9E1DB2551C0041E744 /* Release */ = {
			isa = XCBuildConfiguration;
			buildSettings = {
				ASSETCATALOG_COMPILER_APPICON_NAME = AppIcon;
				INFOPLIST_FILE = News/Info.plist;
				IPHONEOS_DEPLOYMENT_TARGET = 9.0;
				LD_RUNPATH_SEARCH_PATHS = "$(inherited) @executable_path/Frameworks";
				PRODUCT_BUNDLE_IDENTIFIER = com.nakiostudio.News;
				PRODUCT_NAME = "$(TARGET_NAME)";
			};
			name = Release;
		};
		07A12DA01DB2551C0041E744 /* Debug */ = {
			isa = XCBuildConfiguration;
			buildSettings = {
				BUNDLE_LOADER = "$(TEST_HOST)";
				INFOPLIST_FILE = NewsTests/Info.plist;
				LD_RUNPATH_SEARCH_PATHS = "$(inherited) @executable_path/Frameworks @loader_path/Frameworks";
				PRODUCT_BUNDLE_IDENTIFIER = com.nakiostudio.NewsTests;
				PRODUCT_NAME = "$(TARGET_NAME)";
				TEST_HOST = "$(BUILT_PRODUCTS_DIR)/News.app/News";
			};
			name = Debug;
		};
		07A12DA11DB2551C0041E744 /* Release */ = {
			isa = XCBuildConfiguration;
			buildSettings = {
				BUNDLE_LOADER = "$(TEST_HOST)";
				INFOPLIST_FILE = NewsTests/Info.plist;
				LD_RUNPATH_SEARCH_PATHS = "$(inherited) @executable_path/Frameworks @loader_path/Frameworks";
				PRODUCT_BUNDLE_IDENTIFIER = com.nakiostudio.NewsTests;
				PRODUCT_NAME = "$(TARGET_NAME)";
				TEST_HOST = "$(BUILT_PRODUCTS_DIR)/News.app/News";
			};
			name = Release;
		};
/* End XCBuildConfiguration section */

/* Begin XCConfigurationList section */
		07A12D771DB2551C0041E744 /* Build configuration list for PBXProject "News" */ = {
			isa = XCConfigurationList;
			buildConfigurations = (
				07A12D9A1DB2551C0041E744 /* Debug */,
				07A12D9B1DB2551C0041E744 /* Release */,
			);
			defaultConfigurationIsVisible = 0;
			defaultConfigurationName = Release;
		};
		07A12D9C1DB2551C0041E744 /* Build configuration list for PBXNativeTarget "News" */ = {
			isa = XCConfigurationList;
			buildConfigurations = (
				07A12D9D1DB2551C0041E744 /* Debug */,
				07A12D9E1DB2551C0041E744 /* Release */,
			);
			defaultConfigurationIsVisible = 0;
			defaultConfigurationName = Release;
		};
		07A12D9F1DB2551C0041E744 /* Build configuration list for PBXNativeTarget "NewsTests" */ = {
			isa = XCConfigurationList;
			buildConfigurations = (
				07A12DA01DB2551C0041E744 /* Debug */,
				07A12DA11DB2551C0041E744 /* Release */,
			);
			defaultConfigurationIsVisible = 0;
			defaultConfigurationName = Release;
		};
/* End XCConfigurationList section */
	};
	rootObject = 07A12D741DB2551C0041E744 /* Project object */;
}
